// !$*UTF8*$!
{
	archiveVersion = 1;
	classes = {
	};
	objectVersion = 46;
	objects = {

/* Begin PBXBuildFile section */
		96E048091BBB82600017DDC9 /* AppDelegate.swift in Sources */ = {isa = PBXBuildFile; fileRef = 96E048081BBB82600017DDC9 /* AppDelegate.swift */; };
		96E048101BBB82600017DDC9 /* Main.storyboard in Resources */ = {isa = PBXBuildFile; fileRef = 96E0480E1BBB82600017DDC9 /* Main.storyboard */; };
		96E048121BBB82600017DDC9 /* Assets.xcassets in Resources */ = {isa = PBXBuildFile; fileRef = 96E048111BBB82600017DDC9 /* Assets.xcassets */; };
		96E048151BBB82600017DDC9 /* LaunchScreen.storyboard in Resources */ = {isa = PBXBuildFile; fileRef = 96E048131BBB82600017DDC9 /* LaunchScreen.storyboard */; };
		96E048201BBB82600017DDC9 /* GoDutchTests.swift in Sources */ = {isa = PBXBuildFile; fileRef = 96E0481F1BBB82600017DDC9 /* GoDutchTests.swift */; };
		96E0482B1BBB82600017DDC9 /* GoDutchUITests.swift in Sources */ = {isa = PBXBuildFile; fileRef = 96E0482A1BBB82600017DDC9 /* GoDutchUITests.swift */; };
		96E0483B1BBB8A540017DDC9 /* TipTableViewController.swift in Sources */ = {isa = PBXBuildFile; fileRef = 96E0483A1BBB8A540017DDC9 /* TipTableViewController.swift */; settings = {ASSET_TAGS = (); }; };
		96E0483D1BBB8A7D0017DDC9 /* GroupViewController.swift in Sources */ = {isa = PBXBuildFile; fileRef = 96E0483C1BBB8A7D0017DDC9 /* GroupViewController.swift */; settings = {ASSET_TAGS = (); }; };
		96E0484A1BBCB75B0017DDC9 /* ButterKings.ttf in Resources */ = {isa = PBXBuildFile; fileRef = 96E048491BBCB75B0017DDC9 /* ButterKings.ttf */; };
		96E0484C1BBCBA1E0017DDC9 /* Because I am Happy Regular.ttf in Resources */ = {isa = PBXBuildFile; fileRef = 96E0484B1BBCBA1E0017DDC9 /* Because I am Happy Regular.ttf */; settings = {ASSET_TAGS = (); }; };
		96E0484E1BBCBA340017DDC9 /* The Constellation of Heracles.ttf in Resources */ = {isa = PBXBuildFile; fileRef = 96E0484D1BBCBA340017DDC9 /* The Constellation of Heracles.ttf */; settings = {ASSET_TAGS = (); }; };
		96E048501BBCBA3A0017DDC9 /* A little sunshine.ttf in Resources */ = {isa = PBXBuildFile; fileRef = 96E0484F1BBCBA3A0017DDC9 /* A little sunshine.ttf */; settings = {ASSET_TAGS = (); }; };
		96E048521BBCBC690017DDC9 /* Andes.ttf in Resources */ = {isa = PBXBuildFile; fileRef = 96E048511BBCBC690017DDC9 /* Andes.ttf */; settings = {ASSET_TAGS = (); }; };
		96E048541BBCBD420017DDC9 /* Wizards Magic.ttf in Resources */ = {isa = PBXBuildFile; fileRef = 96E048531BBCBD420017DDC9 /* Wizards Magic.ttf */; settings = {ASSET_TAGS = (); }; };
/* End PBXBuildFile section */

/* Begin PBXContainerItemProxy section */
		96E0481C1BBB82600017DDC9 /* PBXContainerItemProxy */ = {
			isa = PBXContainerItemProxy;
			containerPortal = 96E047FD1BBB82600017DDC9 /* Project object */;
			proxyType = 1;
			remoteGlobalIDString = 96E048041BBB82600017DDC9;
			remoteInfo = GoDutch;
		};
		96E048271BBB82600017DDC9 /* PBXContainerItemProxy */ = {
			isa = PBXContainerItemProxy;
			containerPortal = 96E047FD1BBB82600017DDC9 /* Project object */;
			proxyType = 1;
			remoteGlobalIDString = 96E048041BBB82600017DDC9;
			remoteInfo = GoDutch;
		};
/* End PBXContainerItemProxy section */

/* Begin PBXFileReference section */
		96E048051BBB82600017DDC9 /* GoDutch.app */ = {isa = PBXFileReference; explicitFileType = wrapper.application; includeInIndex = 0; path = GoDutch.app; sourceTree = BUILT_PRODUCTS_DIR; };
		96E048081BBB82600017DDC9 /* AppDelegate.swift */ = {isa = PBXFileReference; lastKnownFileType = sourcecode.swift; path = AppDelegate.swift; sourceTree = "<group>"; };
		96E0480F1BBB82600017DDC9 /* Base */ = {isa = PBXFileReference; lastKnownFileType = file.storyboard; name = Base; path = Base.lproj/Main.storyboard; sourceTree = "<group>"; };
		96E048111BBB82600017DDC9 /* Assets.xcassets */ = {isa = PBXFileReference; lastKnownFileType = folder.assetcatalog; path = Assets.xcassets; sourceTree = "<group>"; };
		96E048141BBB82600017DDC9 /* Base */ = {isa = PBXFileReference; lastKnownFileType = file.storyboard; name = Base; path = Base.lproj/LaunchScreen.storyboard; sourceTree = "<group>"; };
		96E048161BBB82600017DDC9 /* Info.plist */ = {isa = PBXFileReference; lastKnownFileType = text.plist.xml; path = Info.plist; sourceTree = "<group>"; };
		96E0481B1BBB82600017DDC9 /* GoDutchTests.xctest */ = {isa = PBXFileReference; explicitFileType = wrapper.cfbundle; includeInIndex = 0; path = GoDutchTests.xctest; sourceTree = BUILT_PRODUCTS_DIR; };
		96E0481F1BBB82600017DDC9 /* GoDutchTests.swift */ = {isa = PBXFileReference; lastKnownFileType = sourcecode.swift; path = GoDutchTests.swift; sourceTree = "<group>"; };
		96E048211BBB82600017DDC9 /* Info.plist */ = {isa = PBXFileReference; lastKnownFileType = text.plist.xml; path = Info.plist; sourceTree = "<group>"; };
		96E048261BBB82600017DDC9 /* GoDutchUITests.xctest */ = {isa = PBXFileReference; explicitFileType = wrapper.cfbundle; includeInIndex = 0; path = GoDutchUITests.xctest; sourceTree = BUILT_PRODUCTS_DIR; };
		96E0482A1BBB82600017DDC9 /* GoDutchUITests.swift */ = {isa = PBXFileReference; lastKnownFileType = sourcecode.swift; path = GoDutchUITests.swift; sourceTree = "<group>"; };
		96E0482C1BBB82600017DDC9 /* Info.plist */ = {isa = PBXFileReference; lastKnownFileType = text.plist.xml; path = Info.plist; sourceTree = "<group>"; };
		96E0483A1BBB8A540017DDC9 /* TipTableViewController.swift */ = {isa = PBXFileReference; fileEncoding = 4; lastKnownFileType = sourcecode.swift; path = TipTableViewController.swift; sourceTree = "<group>"; };
		96E0483C1BBB8A7D0017DDC9 /* GroupViewController.swift */ = {isa = PBXFileReference; fileEncoding = 4; lastKnownFileType = sourcecode.swift; name = GroupViewController.swift; path = ../GroupViewController.swift; sourceTree = "<group>"; };
		96E048491BBCB75B0017DDC9 /* ButterKings.ttf */ = {isa = PBXFileReference; lastKnownFileType = file; name = ButterKings.ttf; path = butter_kings/ButterKings.ttf; sourceTree = "<group>"; };
		96E0484B1BBCBA1E0017DDC9 /* Because I am Happy Regular.ttf */ = {isa = PBXFileReference; lastKnownFileType = file; name = "Because I am Happy Regular.ttf"; path = "because_i_am_happy/Because I am Happy Regular.ttf"; sourceTree = "<group>"; };
		96E0484D1BBCBA340017DDC9 /* The Constellation of Heracles.ttf */ = {isa = PBXFileReference; lastKnownFileType = file; name = "The Constellation of Heracles.ttf"; path = "the_constellation_of_heracles/The Constellation of Heracles.ttf"; sourceTree = "<group>"; };
		96E0484F1BBCBA3A0017DDC9 /* A little sunshine.ttf */ = {isa = PBXFileReference; lastKnownFileType = file; name = "A little sunshine.ttf"; path = "a_little_sunshine/A little sunshine.ttf"; sourceTree = "<group>"; };
		96E048511BBCBC690017DDC9 /* Andes.ttf */ = {isa = PBXFileReference; lastKnownFileType = file; path = Andes.ttf; sourceTree = "<group>"; };
		96E048531BBCBD420017DDC9 /* Wizards Magic.ttf */ = {isa = PBXFileReference; lastKnownFileType = file; path = "Wizards Magic.ttf"; sourceTree = "<group>"; };
/* End PBXFileReference section */

/* Begin PBXFrameworksBuildPhase section */
		96E048021BBB82600017DDC9 /* Frameworks */ = {
			isa = PBXFrameworksBuildPhase;
			buildActionMask = 2147483647;
			files = (
			);
			runOnlyForDeploymentPostprocessing = 0;
		};
		96E048181BBB82600017DDC9 /* Frameworks */ = {
			isa = PBXFrameworksBuildPhase;
			buildActionMask = 2147483647;
			files = (
			);
			runOnlyForDeploymentPostprocessing = 0;
		};
		96E048231BBB82600017DDC9 /* Frameworks */ = {
			isa = PBXFrameworksBuildPhase;
			buildActionMask = 2147483647;
			files = (
			);
			runOnlyForDeploymentPostprocessing = 0;
		};
/* End PBXFrameworksBuildPhase section */

/* Begin PBXGroup section */
		96E047FC1BBB82600017DDC9 = {
			isa = PBXGroup;
			children = (
				96E048071BBB82600017DDC9 /* GoDutch */,
				96E0481E1BBB82600017DDC9 /* GoDutchTests */,
				96E048291BBB82600017DDC9 /* GoDutchUITests */,
				96E048061BBB82600017DDC9 /* Products */,
			);
			sourceTree = "<group>";
		};
		96E048061BBB82600017DDC9 /* Products */ = {
			isa = PBXGroup;
			children = (
				96E048051BBB82600017DDC9 /* GoDutch.app */,
				96E0481B1BBB82600017DDC9 /* GoDutchTests.xctest */,
				96E048261BBB82600017DDC9 /* GoDutchUITests.xctest */,
			);
			name = Products;
			sourceTree = "<group>";
		};
		96E048071BBB82600017DDC9 /* GoDutch */ = {
			isa = PBXGroup;
			children = (
				96E048461BBCAD000017DDC9 /* Fonts */,
				96E048081BBB82600017DDC9 /* AppDelegate.swift */,
				96E0483A1BBB8A540017DDC9 /* TipTableViewController.swift */,
				96E0483C1BBB8A7D0017DDC9 /* GroupViewController.swift */,
				96E0480E1BBB82600017DDC9 /* Main.storyboard */,
				96E048111BBB82600017DDC9 /* Assets.xcassets */,
				96E048131BBB82600017DDC9 /* LaunchScreen.storyboard */,
				96E048161BBB82600017DDC9 /* Info.plist */,
			);
			path = GoDutch;
			sourceTree = "<group>";
		};
		96E0481E1BBB82600017DDC9 /* GoDutchTests */ = {
			isa = PBXGroup;
			children = (
				96E0481F1BBB82600017DDC9 /* GoDutchTests.swift */,
				96E048211BBB82600017DDC9 /* Info.plist */,
			);
			path = GoDutchTests;
			sourceTree = "<group>";
		};
		96E048291BBB82600017DDC9 /* GoDutchUITests */ = {
			isa = PBXGroup;
			children = (
				96E0482A1BBB82600017DDC9 /* GoDutchUITests.swift */,
				96E0482C1BBB82600017DDC9 /* Info.plist */,
			);
			path = GoDutchUITests;
			sourceTree = "<group>";
		};
		96E048461BBCAD000017DDC9 /* Fonts */ = {
			isa = PBXGroup;
			children = (
				96E048531BBCBD420017DDC9 /* Wizards Magic.ttf */,
				96E048511BBCBC690017DDC9 /* Andes.ttf */,
				96E048491BBCB75B0017DDC9 /* ButterKings.ttf */,
				96E0484B1BBCBA1E0017DDC9 /* Because I am Happy Regular.ttf */,
				96E0484D1BBCBA340017DDC9 /* The Constellation of Heracles.ttf */,
				96E0484F1BBCBA3A0017DDC9 /* A little sunshine.ttf */,
			);
			name = Fonts;
			sourceTree = "<group>";
		};
/* End PBXGroup section */

/* Begin PBXNativeTarget section */
		96E048041BBB82600017DDC9 /* GoDutch */ = {
			isa = PBXNativeTarget;
			buildConfigurationList = 96E0482F1BBB82600017DDC9 /* Build configuration list for PBXNativeTarget "GoDutch" */;
			buildPhases = (
				96E048011BBB82600017DDC9 /* Sources */,
				96E048021BBB82600017DDC9 /* Frameworks */,
				96E048031BBB82600017DDC9 /* Resources */,
			);
			buildRules = (
			);
			dependencies = (
			);
			name = GoDutch;
			productName = GoDutch;
			productReference = 96E048051BBB82600017DDC9 /* GoDutch.app */;
			productType = "com.apple.product-type.application";
		};
		96E0481A1BBB82600017DDC9 /* GoDutchTests */ = {
			isa = PBXNativeTarget;
			buildConfigurationList = 96E048321BBB82600017DDC9 /* Build configuration list for PBXNativeTarget "GoDutchTests" */;
			buildPhases = (
				96E048171BBB82600017DDC9 /* Sources */,
				96E048181BBB82600017DDC9 /* Frameworks */,
				96E048191BBB82600017DDC9 /* Resources */,
			);
			buildRules = (
			);
			dependencies = (
				96E0481D1BBB82600017DDC9 /* PBXTargetDependency */,
			);
			name = GoDutchTests;
			productName = GoDutchTests;
			productReference = 96E0481B1BBB82600017DDC9 /* GoDutchTests.xctest */;
			productType = "com.apple.product-type.bundle.unit-test";
		};
		96E048251BBB82600017DDC9 /* GoDutchUITests */ = {
			isa = PBXNativeTarget;
			buildConfigurationList = 96E048351BBB82600017DDC9 /* Build configuration list for PBXNativeTarget "GoDutchUITests" */;
			buildPhases = (
				96E048221BBB82600017DDC9 /* Sources */,
				96E048231BBB82600017DDC9 /* Frameworks */,
				96E048241BBB82600017DDC9 /* Resources */,
			);
			buildRules = (
			);
			dependencies = (
				96E048281BBB82600017DDC9 /* PBXTargetDependency */,
			);
			name = GoDutchUITests;
			productName = GoDutchUITests;
			productReference = 96E048261BBB82600017DDC9 /* GoDutchUITests.xctest */;
			productType = "com.apple.product-type.bundle.ui-testing";
		};
/* End PBXNativeTarget section */

/* Begin PBXProject section */
		96E047FD1BBB82600017DDC9 /* Project object */ = {
			isa = PBXProject;
			attributes = {
				LastUpgradeCheck = 0700;
				ORGANIZATIONNAME = "Lone Pine Creative";
				TargetAttributes = {
					96E048041BBB82600017DDC9 = {
						CreatedOnToolsVersion = 7.0;
					};
					96E0481A1BBB82600017DDC9 = {
						CreatedOnToolsVersion = 7.0;
						TestTargetID = 96E048041BBB82600017DDC9;
					};
					96E048251BBB82600017DDC9 = {
						CreatedOnToolsVersion = 7.0;
						TestTargetID = 96E048041BBB82600017DDC9;
					};
				};
			};
			buildConfigurationList = 96E048001BBB82600017DDC9 /* Build configuration list for PBXProject "GoDutch" */;
			compatibilityVersion = "Xcode 3.2";
			developmentRegion = English;
			hasScannedForEncodings = 0;
			knownRegions = (
				en,
				Base,
			);
			mainGroup = 96E047FC1BBB82600017DDC9;
			productRefGroup = 96E048061BBB82600017DDC9 /* Products */;
			projectDirPath = "";
			projectRoot = "";
			targets = (
				96E048041BBB82600017DDC9 /* GoDutch */,
				96E0481A1BBB82600017DDC9 /* GoDutchTests */,
				96E048251BBB82600017DDC9 /* GoDutchUITests */,
			);
		};
/* End PBXProject section */

/* Begin PBXResourcesBuildPhase section */
		96E048031BBB82600017DDC9 /* Resources */ = {
			isa = PBXResourcesBuildPhase;
			buildActionMask = 2147483647;
			files = (
				96E048521BBCBC690017DDC9 /* Andes.ttf in Resources */,
				96E0484A1BBCB75B0017DDC9 /* ButterKings.ttf in Resources */,
				96E048151BBB82600017DDC9 /* LaunchScreen.storyboard in Resources */,
				96E048501BBCBA3A0017DDC9 /* A little sunshine.ttf in Resources */,
				96E0484C1BBCBA1E0017DDC9 /* Because I am Happy Regular.ttf in Resources */,
				96E048541BBCBD420017DDC9 /* Wizards Magic.ttf in Resources */,
				96E0484E1BBCBA340017DDC9 /* The Constellation of Heracles.ttf in Resources */,
				96E048121BBB82600017DDC9 /* Assets.xcassets in Resources */,
				96E048101BBB82600017DDC9 /* Main.storyboard in Resources */,
			);
			runOnlyForDeploymentPostprocessing = 0;
		};
		96E048191BBB82600017DDC9 /* Resources */ = {
			isa = PBXResourcesBuildPhase;
			buildActionMask = 2147483647;
			files = (
			);
			runOnlyForDeploymentPostprocessing = 0;
		};
		96E048241BBB82600017DDC9 /* Resources */ = {
			isa = PBXResourcesBuildPhase;
			buildActionMask = 2147483647;
			files = (
			);
			runOnlyForDeploymentPostprocessing = 0;
		};
/* End PBXResourcesBuildPhase section */

/* Begin PBXSourcesBuildPhase section */
		96E048011BBB82600017DDC9 /* Sources */ = {
			isa = PBXSourcesBuildPhase;
			buildActionMask = 2147483647;
			files = (
				96E0483D1BBB8A7D0017DDC9 /* GroupViewController.swift in Sources */,
				96E048091BBB82600017DDC9 /* AppDelegate.swift in Sources */,
				96E0483B1BBB8A540017DDC9 /* TipTableViewController.swift in Sources */,
			);
			runOnlyForDeploymentPostprocessing = 0;
		};
		96E048171BBB82600017DDC9 /* Sources */ = {
			isa = PBXSourcesBuildPhase;
			buildActionMask = 2147483647;
			files = (
				96E048201BBB82600017DDC9 /* GoDutchTests.swift in Sources */,
			);
			runOnlyForDeploymentPostprocessing = 0;
		};
		96E048221BBB82600017DDC9 /* Sources */ = {
			isa = PBXSourcesBuildPhase;
			buildActionMask = 2147483647;
			files = (
				96E0482B1BBB82600017DDC9 /* GoDutchUITests.swift in Sources */,
			);
			runOnlyForDeploymentPostprocessing = 0;
		};
/* End PBXSourcesBuildPhase section */

/* Begin PBXTargetDependency section */
		96E0481D1BBB82600017DDC9 /* PBXTargetDependency */ = {
			isa = PBXTargetDependency;
			target = 96E048041BBB82600017DDC9 /* GoDutch */;
			targetProxy = 96E0481C1BBB82600017DDC9 /* PBXContainerItemProxy */;
		};
		96E048281BBB82600017DDC9 /* PBXTargetDependency */ = {
			isa = PBXTargetDependency;
			target = 96E048041BBB82600017DDC9 /* GoDutch */;
			targetProxy = 96E048271BBB82600017DDC9 /* PBXContainerItemProxy */;
		};
/* End PBXTargetDependency section */

/* Begin PBXVariantGroup section */
		96E0480E1BBB82600017DDC9 /* Main.storyboard */ = {
			isa = PBXVariantGroup;
			children = (
				96E0480F1BBB82600017DDC9 /* Base */,
			);
			name = Main.storyboard;
			sourceTree = "<group>";
		};
		96E048131BBB82600017DDC9 /* LaunchScreen.storyboard */ = {
			isa = PBXVariantGroup;
			children = (
				96E048141BBB82600017DDC9 /* Base */,
			);
			name = LaunchScreen.storyboard;
			sourceTree = "<group>";
		};
/* End PBXVariantGroup section */

/* Begin XCBuildConfiguration section */
		96E0482D1BBB82600017DDC9 /* Debug */ = {
			isa = XCBuildConfiguration;
			buildSettings = {
				ALWAYS_SEARCH_USER_PATHS = NO;
				CLANG_CXX_LANGUAGE_STANDARD = "gnu++0x";
				CLANG_CXX_LIBRARY = "libc++";
				CLANG_ENABLE_MODULES = YES;
				CLANG_ENABLE_OBJC_ARC = YES;
				CLANG_WARN_BOOL_CONVERSION = YES;
				CLANG_WARN_CONSTANT_CONVERSION = YES;
				CLANG_WARN_DIRECT_OBJC_ISA_USAGE = YES_ERROR;
				CLANG_WARN_EMPTY_BODY = YES;
				CLANG_WARN_ENUM_CONVERSION = YES;
				CLANG_WARN_INT_CONVERSION = YES;
				CLANG_WARN_OBJC_ROOT_CLASS = YES_ERROR;
				CLANG_WARN_UNREACHABLE_CODE = YES;
				CLANG_WARN__DUPLICATE_METHOD_MATCH = YES;
				"CODE_SIGN_IDENTITY[sdk=iphoneos*]" = "iPhone Developer";
				COPY_PHASE_STRIP = NO;
				DEBUG_INFORMATION_FORMAT = dwarf;
				ENABLE_STRICT_OBJC_MSGSEND = YES;
				ENABLE_TESTABILITY = YES;
				GCC_C_LANGUAGE_STANDARD = gnu99;
				GCC_DYNAMIC_NO_PIC = NO;
				GCC_NO_COMMON_BLOCKS = YES;
				GCC_OPTIMIZATION_LEVEL = 0;
				GCC_PREPROCESSOR_DEFINITIONS = (
					"DEBUG=1",
					"$(inherited)",
				);
				GCC_WARN_64_TO_32_BIT_CONVERSION = YES;
				GCC_WARN_ABOUT_RETURN_TYPE = YES_ERROR;
				GCC_WARN_UNDECLARED_SELECTOR = YES;
				GCC_WARN_UNINITIALIZED_AUTOS = YES_AGGRESSIVE;
				GCC_WARN_UNUSED_FUNCTION = YES;
				GCC_WARN_UNUSED_VARIABLE = YES;
				IPHONEOS_DEPLOYMENT_TARGET = 9.0;
				MTL_ENABLE_DEBUG_INFO = YES;
				ONLY_ACTIVE_ARCH = YES;
				SDKROOT = iphoneos;
				SWIFT_OPTIMIZATION_LEVEL = "-Onone";
				TARGETED_DEVICE_FAMILY = "1,2";
			};
			name = Debug;
		};
		96E0482E1BBB82600017DDC9 /* Release */ = {
			isa = XCBuildConfiguration;
			buildSettings = {
				ALWAYS_SEARCH_USER_PATHS = NO;
				CLANG_CXX_LANGUAGE_STANDARD = "gnu++0x";
				CLANG_CXX_LIBRARY = "libc++";
				CLANG_ENABLE_MODULES = YES;
				CLANG_ENABLE_OBJC_ARC = YES;
				CLANG_WARN_BOOL_CONVERSION = YES;
				CLANG_WARN_CONSTANT_CONVERSION = YES;
				CLANG_WARN_DIRECT_OBJC_ISA_USAGE = YES_ERROR;
				CLANG_WARN_EMPTY_BODY = YES;
				CLANG_WARN_ENUM_CONVERSION = YES;
				CLANG_WARN_INT_CONVERSION = YES;
				CLANG_WARN_OBJC_ROOT_CLASS = YES_ERROR;
				CLANG_WARN_UNREACHABLE_CODE = YES;
				CLANG_WARN__DUPLICATE_METHOD_MATCH = YES;
				"CODE_SIGN_IDENTITY[sdk=iphoneos*]" = "iPhone Developer";
				COPY_PHASE_STRIP = NO;
				DEBUG_INFORMATION_FORMAT = "dwarf-with-dsym";
				ENABLE_NS_ASSERTIONS = NO;
				ENABLE_STRICT_OBJC_MSGSEND = YES;
				GCC_C_LANGUAGE_STANDARD = gnu99;
				GCC_NO_COMMON_BLOCKS = YES;
				GCC_WARN_64_TO_32_BIT_CONVERSION = YES;
				GCC_WARN_ABOUT_RETURN_TYPE = YES_ERROR;
				GCC_WARN_UNDECLARED_SELECTOR = YES;
				GCC_WARN_UNINITIALIZED_AUTOS = YES_AGGRESSIVE;
				GCC_WARN_UNUSED_FUNCTION = YES;
				GCC_WARN_UNUSED_VARIABLE = YES;
				IPHONEOS_DEPLOYMENT_TARGET = 9.0;
				MTL_ENABLE_DEBUG_INFO = NO;
				SDKROOT = iphoneos;
				TARGETED_DEVICE_FAMILY = "1,2";
				VALIDATE_PRODUCT = YES;
			};
			name = Release;
		};
		96E048301BBB82600017DDC9 /* Debug */ = {
			isa = XCBuildConfiguration;
			buildSettings = {
				ASSETCATALOG_COMPILER_APPICON_NAME = AppIcon;
				INFOPLIST_FILE = GoDutch/Info.plist;
				LD_RUNPATH_SEARCH_PATHS = "$(inherited) @executable_path/Frameworks";
				PRODUCT_BUNDLE_IDENTIFIER = LonePineC.GoDutch;
				PRODUCT_NAME = "$(TARGET_NAME)";
			};
			name = Debug;
		};
		96E048311BBB82600017DDC9 /* Release */ = {
			isa = XCBuildConfiguration;
			buildSettings = {
				ASSETCATALOG_COMPILER_APPICON_NAME = AppIcon;
				INFOPLIST_FILE = GoDutch/Info.plist;
				LD_RUNPATH_SEARCH_PATHS = "$(inherited) @executable_path/Frameworks";
				PRODUCT_BUNDLE_IDENTIFIER = LonePineC.GoDutch;
				PRODUCT_NAME = "$(TARGET_NAME)";
			};
			name = Release;
		};
		96E048331BBB82600017DDC9 /* Debug */ = {
			isa = XCBuildConfiguration;
			buildSettings = {
				BUNDLE_LOADER = "$(TEST_HOST)";
				INFOPLIST_FILE = GoDutchTests/Info.plist;
				LD_RUNPATH_SEARCH_PATHS = "$(inherited) @executable_path/Frameworks @loader_path/Frameworks";
				PRODUCT_BUNDLE_IDENTIFIER = LonePineC.GoDutchTests;
				PRODUCT_NAME = "$(TARGET_NAME)";
				TEST_HOST = "$(BUILT_PRODUCTS_DIR)/GoDutch.app/GoDutch";
			};
			name = Debug;
		};
		96E048341BBB82600017DDC9 /* Release */ = {
			isa = XCBuildConfiguration;
			buildSettings = {
				BUNDLE_LOADER = "$(TEST_HOST)";
				INFOPLIST_FILE = GoDutchTests/Info.plist;
				LD_RUNPATH_SEARCH_PATHS = "$(inherited) @executable_path/Frameworks @loader_path/Frameworks";
				PRODUCT_BUNDLE_IDENTIFIER = LonePineC.GoDutchTests;
				PRODUCT_NAME = "$(TARGET_NAME)";
				TEST_HOST = "$(BUILT_PRODUCTS_DIR)/GoDutch.app/GoDutch";
			};
			name = Release;
		};
		96E048361BBB82600017DDC9 /* Debug */ = {
			isa = XCBuildConfiguration;
			buildSettings = {
				INFOPLIST_FILE = GoDutchUITests/Info.plist;
				LD_RUNPATH_SEARCH_PATHS = "$(inherited) @executable_path/Frameworks @loader_path/Frameworks";
				PRODUCT_BUNDLE_IDENTIFIER = LonePineC.GoDutchUITests;
				PRODUCT_NAME = "$(TARGET_NAME)";
				TEST_TARGET_NAME = GoDutch;
				USES_XCTRUNNER = YES;
			};
			name = Debug;
		};
		96E048371BBB82600017DDC9 /* Release */ = {
			isa = XCBuildConfiguration;
			buildSettings = {
				INFOPLIST_FILE = GoDutchUITests/Info.plist;
				LD_RUNPATH_SEARCH_PATHS = "$(inherited) @executable_path/Frameworks @loader_path/Frameworks";
				PRODUCT_BUNDLE_IDENTIFIER = LonePineC.GoDutchUITests;
				PRODUCT_NAME = "$(TARGET_NAME)";
				TEST_TARGET_NAME = GoDutch;
				USES_XCTRUNNER = YES;
			};
			name = Release;
		};
/* End XCBuildConfiguration section */

/* Begin XCConfigurationList section */
		96E048001BBB82600017DDC9 /* Build configuration list for PBXProject "GoDutch" */ = {
			isa = XCConfigurationList;
			buildConfigurations = (
				96E0482D1BBB82600017DDC9 /* Debug */,
				96E0482E1BBB82600017DDC9 /* Release */,
			);
			defaultConfigurationIsVisible = 0;
			defaultConfigurationName = Release;
		};
		96E0482F1BBB82600017DDC9 /* Build configuration list for PBXNativeTarget "GoDutch" */ = {
			isa = XCConfigurationList;
			buildConfigurations = (
				96E048301BBB82600017DDC9 /* Debug */,
				96E048311BBB82600017DDC9 /* Release */,
			);
			defaultConfigurationIsVisible = 0;
			defaultConfigurationName = Release;
		};
		96E048321BBB82600017DDC9 /* Build configuration list for PBXNativeTarget "GoDutchTests" */ = {
			isa = XCConfigurationList;
			buildConfigurations = (
				96E048331BBB82600017DDC9 /* Debug */,
				96E048341BBB82600017DDC9 /* Release */,
			);
			defaultConfigurationIsVisible = 0;
			defaultConfigurationName = Release;
		};
		96E048351BBB82600017DDC9 /* Build configuration list for PBXNativeTarget "GoDutchUITests" */ = {
			isa = XCConfigurationList;
			buildConfigurations = (
				96E048361BBB82600017DDC9 /* Debug */,
				96E048371BBB82600017DDC9 /* Release */,
			);
			defaultConfigurationIsVisible = 0;
			defaultConfigurationName = Release;
		};
/* End XCConfigurationList section */
	};
	rootObject = 96E047FD1BBB82600017DDC9 /* Project object */;
}
